PATH
  remote: /Users/machty/code/useful/barber-emblem
  specs:
    barber-emblem (0.1.1)
      barber (>= 0.4.1)
      emblem-source

GEM
  remote: https://rubygems.org/
  specs:
    appraisal (0.5.1)
      bundler
      rake
    barber (0.4.1)
      ember-source
      execjs
      handlebars-source
    ember-source (1.0.0.pre4.1)
      handlebars-source (>= 1.0.0.rc2)
    emblem-source (0.1.8)
    execjs (1.4.0)
      multi_json (~> 1.0)
    handlebars-source (1.0.9)
    metaclass (0.0.1)
    mocha (0.13.2)
      metaclass (~> 0.0.1)
    multi_json (1.6.1)
    rake (10.0.3)
    simplecov (0.7.1)
      multi_json (~> 1.0)
      simplecov-html (~> 0.7.1)
    simplecov-html (0.7.1)

PLATFORMS
  ruby

DEPENDENCIES
  appraisal
  barber-emblem!
  ember-source (= 1.0.0.pre4.1)
  mocha
  rake
  simplecov
  therubyrhino
